
Microsoft Visual Studio Solution File, Format Version 12.00
Project("{FAE04EC0-301F-11D3-BF4B-00C04F79EFBC}") = "TripSQLClient", "TripSQLClient\TripSQLClient.csproj", "{C04E24F3-7C14-42B7-A064-35CEA9ACC497}"
EndProject
Global
	GlobalSection(SolutionConfigurationPlatforms) = preSolution
		Debug|Any CPU = Debug|Any CPU
		Release|Any CPU = Release|Any CPU
	EndGlobalSection
	GlobalSection(ProjectConfigurationPlatforms) = postSolution
		{C04E24F3-7C14-42B7-A064-35CEA9ACC497}.Debug|Any CPU.ActiveCfg = Debug|Any CPU
		{C04E24F3-7C14-42B7-A064-35CEA9ACC497}.Debug|Any CPU.Build.0 = Debug|Any CPU
		{C04E24F3-7C14-42B7-A064-35CEA9ACC497}.Release|Any CPU.ActiveCfg = Release|Any CPU
		{C04E24F3-7C14-42B7-A064-35CEA9ACC497}.Release|Any CPU.Build.0 = Release|Any CPU
	EndGlobalSection
EndGlobal
